// !$*UTF8*$!
{
	archiveVersion = 1;
	classes = {
	};
	objectVersion = 56;
	objects = {

/* Begin PBXBuildFile section */
		01337FD62A8F8CFC008AD238 /* ToDoSwiftUIApp.swift in Sources */ = {isa = PBXBuildFile; fileRef = 01337FD52A8F8CFC008AD238 /* ToDoSwiftUIApp.swift */; };
		01337FD82A8F8CFC008AD238 /* MainView.swift in Sources */ = {isa = PBXBuildFile; fileRef = 01337FD72A8F8CFC008AD238 /* MainView.swift */; };
		01337FDA2A8F8CFD008AD238 /* Assets.xcassets in Resources */ = {isa = PBXBuildFile; fileRef = 01337FD92A8F8CFD008AD238 /* Assets.xcassets */; };
		01337FDD2A8F8CFD008AD238 /* Preview Assets.xcassets in Resources */ = {isa = PBXBuildFile; fileRef = 01337FDC2A8F8CFD008AD238 /* Preview Assets.xcassets */; };
		01337FE52A8FA3B9008AD238 /* FirebaseAuth in Frameworks */ = {isa = PBXBuildFile; productRef = 01337FE42A8FA3B9008AD238 /* FirebaseAuth */; };
		01337FE72A8FA3B9008AD238 /* FirebaseFirestore in Frameworks */ = {isa = PBXBuildFile; productRef = 01337FE62A8FA3B9008AD238 /* FirebaseFirestore */; };
		01337FE92A8FA3B9008AD238 /* FirebaseFirestoreSwift in Frameworks */ = {isa = PBXBuildFile; productRef = 01337FE82A8FA3B9008AD238 /* FirebaseFirestoreSwift */; };
		01337FEB2A8FA7FA008AD238 /* GoogleService-Info.plist in Resources */ = {isa = PBXBuildFile; fileRef = 01337FEA2A8FA7FA008AD238 /* GoogleService-Info.plist */; };
		01337FF12A8FAE51008AD238 /* ProfileView.swift in Sources */ = {isa = PBXBuildFile; fileRef = 01337FF02A8FAE51008AD238 /* ProfileView.swift */; };
		01337FF32A8FAE69008AD238 /* ToDoListView.swift in Sources */ = {isa = PBXBuildFile; fileRef = 01337FF22A8FAE69008AD238 /* ToDoListView.swift */; };
		01337FF52A8FAE7F008AD238 /* NewItemView.swift in Sources */ = {isa = PBXBuildFile; fileRef = 01337FF42A8FAE7F008AD238 /* NewItemView.swift */; };
		01337FF72A8FAE8B008AD238 /* LoginView.swift in Sources */ = {isa = PBXBuildFile; fileRef = 01337FF62A8FAE8B008AD238 /* LoginView.swift */; };
		01337FF92A8FAE95008AD238 /* RegisterView.swift in Sources */ = {isa = PBXBuildFile; fileRef = 01337FF82A8FAE95008AD238 /* RegisterView.swift */; };
		01337FFB2A8FAEBC008AD238 /* ToDoListItemView.swift in Sources */ = {isa = PBXBuildFile; fileRef = 01337FFA2A8FAEBC008AD238 /* ToDoListItemView.swift */; };
		01337FFD2A8FAEFB008AD238 /* UserModel.swift in Sources */ = {isa = PBXBuildFile; fileRef = 01337FFC2A8FAEFB008AD238 /* UserModel.swift */; };
		01337FFF2A8FAF0B008AD238 /* ToDoItemModel.swift in Sources */ = {isa = PBXBuildFile; fileRef = 01337FFE2A8FAF0B008AD238 /* ToDoItemModel.swift */; };
		013380012A8FAF3C008AD238 /* MainViewViewModel.swift in Sources */ = {isa = PBXBuildFile; fileRef = 013380002A8FAF3C008AD238 /* MainViewViewModel.swift */; };
		013380032A8FAF47008AD238 /* ProfileViewViewModel.swift in Sources */ = {isa = PBXBuildFile; fileRef = 013380022A8FAF47008AD238 /* ProfileViewViewModel.swift */; };
		013380052A8FAF59008AD238 /* ToDoListViewViewModel.swift in Sources */ = {isa = PBXBuildFile; fileRef = 013380042A8FAF59008AD238 /* ToDoListViewViewModel.swift */; };
		013380072A8FAF65008AD238 /* NewItemViewViewModel.swift in Sources */ = {isa = PBXBuildFile; fileRef = 013380062A8FAF65008AD238 /* NewItemViewViewModel.swift */; };
		013380092A8FAF70008AD238 /* LoginViewViewModel.swift in Sources */ = {isa = PBXBuildFile; fileRef = 013380082A8FAF70008AD238 /* LoginViewViewModel.swift */; };
		0133800B2A8FAF7E008AD238 /* RegisterViewViewModel.swift in Sources */ = {isa = PBXBuildFile; fileRef = 0133800A2A8FAF7E008AD238 /* RegisterViewViewModel.swift */; };
		0133800D2A8FAF8D008AD238 /* ToDoListItemViewViewModel.swift in Sources */ = {isa = PBXBuildFile; fileRef = 0133800C2A8FAF8D008AD238 /* ToDoListItemViewViewModel.swift */; };
/* End PBXBuildFile section */

/* Begin PBXFileReference section */
		01337FD22A8F8CFC008AD238 /* ToDoSwiftUI.app */ = {isa = PBXFileReference; explicitFileType = wrapper.application; includeInIndex = 0; path = ToDoSwiftUI.app; sourceTree = BUILT_PRODUCTS_DIR; };
		01337FD52A8F8CFC008AD238 /* ToDoSwiftUIApp.swift */ = {isa = PBXFileReference; lastKnownFileType = sourcecode.swift; path = ToDoSwiftUIApp.swift; sourceTree = "<group>"; };
		01337FD72A8F8CFC008AD238 /* MainView.swift */ = {isa = PBXFileReference; lastKnownFileType = sourcecode.swift; path = MainView.swift; sourceTree = "<group>"; };
		01337FD92A8F8CFD008AD238 /* Assets.xcassets */ = {isa = PBXFileReference; lastKnownFileType = folder.assetcatalog; path = Assets.xcassets; sourceTree = "<group>"; };
		01337FDC2A8F8CFD008AD238 /* Preview Assets.xcassets */ = {isa = PBXFileReference; lastKnownFileType = folder.assetcatalog; path = "Preview Assets.xcassets"; sourceTree = "<group>"; };
		01337FEA2A8FA7FA008AD238 /* GoogleService-Info.plist */ = {isa = PBXFileReference; fileEncoding = 4; lastKnownFileType = text.plist.xml; path = "GoogleService-Info.plist"; sourceTree = "<group>"; };
		01337FF02A8FAE51008AD238 /* ProfileView.swift */ = {isa = PBXFileReference; lastKnownFileType = sourcecode.swift; path = ProfileView.swift; sourceTree = "<group>"; };
		01337FF22A8FAE69008AD238 /* ToDoListView.swift */ = {isa = PBXFileReference; lastKnownFileType = sourcecode.swift; path = ToDoListView.swift; sourceTree = "<group>"; };
		01337FF42A8FAE7F008AD238 /* NewItemView.swift */ = {isa = PBXFileReference; lastKnownFileType = sourcecode.swift; path = NewItemView.swift; sourceTree = "<group>"; };
		01337FF62A8FAE8B008AD238 /* LoginView.swift */ = {isa = PBXFileReference; lastKnownFileType = sourcecode.swift; path = LoginView.swift; sourceTree = "<group>"; };
		01337FF82A8FAE95008AD238 /* RegisterView.swift */ = {isa = PBXFileReference; lastKnownFileType = sourcecode.swift; path = RegisterView.swift; sourceTree = "<group>"; };
		01337FFA2A8FAEBC008AD238 /* ToDoListItemView.swift */ = {isa = PBXFileReference; lastKnownFileType = sourcecode.swift; path = ToDoListItemView.swift; sourceTree = "<group>"; };
		01337FFC2A8FAEFB008AD238 /* UserModel.swift */ = {isa = PBXFileReference; lastKnownFileType = sourcecode.swift; path = UserModel.swift; sourceTree = "<group>"; };
		01337FFE2A8FAF0B008AD238 /* ToDoItemModel.swift */ = {isa = PBXFileReference; lastKnownFileType = sourcecode.swift; path = ToDoItemModel.swift; sourceTree = "<group>"; };
		013380002A8FAF3C008AD238 /* MainViewViewModel.swift */ = {isa = PBXFileReference; lastKnownFileType = sourcecode.swift; path = MainViewViewModel.swift; sourceTree = "<group>"; };
		013380022A8FAF47008AD238 /* ProfileViewViewModel.swift */ = {isa = PBXFileReference; lastKnownFileType = sourcecode.swift; path = ProfileViewViewModel.swift; sourceTree = "<group>"; };
		013380042A8FAF59008AD238 /* ToDoListViewViewModel.swift */ = {isa = PBXFileReference; lastKnownFileType = sourcecode.swift; path = ToDoListViewViewModel.swift; sourceTree = "<group>"; };
		013380062A8FAF65008AD238 /* NewItemViewViewModel.swift */ = {isa = PBXFileReference; lastKnownFileType = sourcecode.swift; path = NewItemViewViewModel.swift; sourceTree = "<group>"; };
		013380082A8FAF70008AD238 /* LoginViewViewModel.swift */ = {isa = PBXFileReference; lastKnownFileType = sourcecode.swift; path = LoginViewViewModel.swift; sourceTree = "<group>"; };
		0133800A2A8FAF7E008AD238 /* RegisterViewViewModel.swift */ = {isa = PBXFileReference; lastKnownFileType = sourcecode.swift; path = RegisterViewViewModel.swift; sourceTree = "<group>"; };
		0133800C2A8FAF8D008AD238 /* ToDoListItemViewViewModel.swift */ = {isa = PBXFileReference; lastKnownFileType = sourcecode.swift; path = ToDoListItemViewViewModel.swift; sourceTree = "<group>"; };
/* End PBXFileReference section */

/* Begin PBXFrameworksBuildPhase section */
		01337FCF2A8F8CFC008AD238 /* Frameworks */ = {
			isa = PBXFrameworksBuildPhase;
			buildActionMask = 2147483647;
			files = (
				01337FE52A8FA3B9008AD238 /* FirebaseAuth in Frameworks */,
				01337FE72A8FA3B9008AD238 /* FirebaseFirestore in Frameworks */,
				01337FE92A8FA3B9008AD238 /* FirebaseFirestoreSwift in Frameworks */,
			);
			runOnlyForDeploymentPostprocessing = 0;
		};
/* End PBXFrameworksBuildPhase section */

/* Begin PBXGroup section */
		01337FC92A8F8CFC008AD238 = {
			isa = PBXGroup;
			children = (
				01337FD42A8F8CFC008AD238 /* ToDoSwiftUI */,
				01337FD32A8F8CFC008AD238 /* Products */,
			);
			sourceTree = "<group>";
		};
		01337FD32A8F8CFC008AD238 /* Products */ = {
			isa = PBXGroup;
			children = (
				01337FD22A8F8CFC008AD238 /* ToDoSwiftUI.app */,
			);
			name = Products;
			sourceTree = "<group>";
		};
		01337FD42A8F8CFC008AD238 /* ToDoSwiftUI */ = {
			isa = PBXGroup;
			children = (
				01337FEF2A8FAD65008AD238 /* Others */,
				01337FEE2A8FAD55008AD238 /* Models */,
				01337FED2A8FAD3E008AD238 /* ViewModels */,
				01337FEC2A8FAD2E008AD238 /* Views */,
				01337FDB2A8F8CFD008AD238 /* Preview Content */,
			);
			path = ToDoSwiftUI;
			sourceTree = "<group>";
		};
		01337FDB2A8F8CFD008AD238 /* Preview Content */ = {
			isa = PBXGroup;
			children = (
				01337FDC2A8F8CFD008AD238 /* Preview Assets.xcassets */,
			);
			path = "Preview Content";
			sourceTree = "<group>";
		};
		01337FEC2A8FAD2E008AD238 /* Views */ = {
			isa = PBXGroup;
			children = (
				01337FD72A8F8CFC008AD238 /* MainView.swift */,
				01337FF02A8FAE51008AD238 /* ProfileView.swift */,
				01337FF22A8FAE69008AD238 /* ToDoListView.swift */,
				01337FF42A8FAE7F008AD238 /* NewItemView.swift */,
				01337FF62A8FAE8B008AD238 /* LoginView.swift */,
				01337FF82A8FAE95008AD238 /* RegisterView.swift */,
				01337FFA2A8FAEBC008AD238 /* ToDoListItemView.swift */,
			);
			path = Views;
			sourceTree = "<group>";
		};
		01337FED2A8FAD3E008AD238 /* ViewModels */ = {
			isa = PBXGroup;
			children = (
				013380002A8FAF3C008AD238 /* MainViewViewModel.swift */,
				013380022A8FAF47008AD238 /* ProfileViewViewModel.swift */,
				013380042A8FAF59008AD238 /* ToDoListViewViewModel.swift */,
				013380062A8FAF65008AD238 /* NewItemViewViewModel.swift */,
				013380082A8FAF70008AD238 /* LoginViewViewModel.swift */,
				0133800A2A8FAF7E008AD238 /* RegisterViewViewModel.swift */,
				0133800C2A8FAF8D008AD238 /* ToDoListItemViewViewModel.swift */,
			);
			path = ViewModels;
			sourceTree = "<group>";
		};
		01337FEE2A8FAD55008AD238 /* Models */ = {
			isa = PBXGroup;
			children = (
				01337FFC2A8FAEFB008AD238 /* UserModel.swift */,
				01337FFE2A8FAF0B008AD238 /* ToDoItemModel.swift */,
			);
			path = Models;
			sourceTree = "<group>";
		};
		01337FEF2A8FAD65008AD238 /* Others */ = {
			isa = PBXGroup;
			children = (
				01337FD92A8F8CFD008AD238 /* Assets.xcassets */,
				01337FEA2A8FA7FA008AD238 /* GoogleService-Info.plist */,
				01337FD52A8F8CFC008AD238 /* ToDoSwiftUIApp.swift */,
			);
			path = Others;
			sourceTree = "<group>";
		};
/* End PBXGroup section */

/* Begin PBXNativeTarget section */
		01337FD12A8F8CFC008AD238 /* ToDoSwiftUI */ = {
			isa = PBXNativeTarget;
			buildConfigurationList = 01337FE02A8F8CFD008AD238 /* Build configuration list for PBXNativeTarget "ToDoSwiftUI" */;
			buildPhases = (
				01337FCE2A8F8CFC008AD238 /* Sources */,
				01337FCF2A8F8CFC008AD238 /* Frameworks */,
				01337FD02A8F8CFC008AD238 /* Resources */,
			);
			buildRules = (
			);
			dependencies = (
			);
			name = ToDoSwiftUI;
			packageProductDependencies = (
				01337FE42A8FA3B9008AD238 /* FirebaseAuth */,
				01337FE62A8FA3B9008AD238 /* FirebaseFirestore */,
				01337FE82A8FA3B9008AD238 /* FirebaseFirestoreSwift */,
			);
			productName = ToDoSwiftUI;
			productReference = 01337FD22A8F8CFC008AD238 /* ToDoSwiftUI.app */;
			productType = "com.apple.product-type.application";
		};
/* End PBXNativeTarget section */

/* Begin PBXProject section */
		01337FCA2A8F8CFC008AD238 /* Project object */ = {
			isa = PBXProject;
			attributes = {
				BuildIndependentTargetsInParallel = 1;
				LastSwiftUpdateCheck = 1430;
				LastUpgradeCheck = 1430;
				TargetAttributes = {
					01337FD12A8F8CFC008AD238 = {
						CreatedOnToolsVersion = 14.3.1;
					};
				};
			};
			buildConfigurationList = 01337FCD2A8F8CFC008AD238 /* Build configuration list for PBXProject "ToDoSwiftUI" */;
			compatibilityVersion = "Xcode 14.0";
			developmentRegion = en;
			hasScannedForEncodings = 0;
			knownRegions = (
				en,
				Base,
			);
			mainGroup = 01337FC92A8F8CFC008AD238;
			packageReferences = (
				01337FE32A8FA3B9008AD238 /* XCRemoteSwiftPackageReference "firebase-ios-sdk" */,
			);
			productRefGroup = 01337FD32A8F8CFC008AD238 /* Products */;
			projectDirPath = "";
			projectRoot = "";
			targets = (
				01337FD12A8F8CFC008AD238 /* ToDoSwiftUI */,
			);
		};
/* End PBXProject section */

/* Begin PBXResourcesBuildPhase section */
		01337FD02A8F8CFC008AD238 /* Resources */ = {
			isa = PBXResourcesBuildPhase;
			buildActionMask = 2147483647;
			files = (
				01337FDD2A8F8CFD008AD238 /* Preview Assets.xcassets in Resources */,
				01337FDA2A8F8CFD008AD238 /* Assets.xcassets in Resources */,
				01337FEB2A8FA7FA008AD238 /* GoogleService-Info.plist in Resources */,
			);
			runOnlyForDeploymentPostprocessing = 0;
		};
/* End PBXResourcesBuildPhase section */

/* Begin PBXSourcesBuildPhase section */
		01337FCE2A8F8CFC008AD238 /* Sources */ = {
			isa = PBXSourcesBuildPhase;
			buildActionMask = 2147483647;
			files = (
				01337FF72A8FAE8B008AD238 /* LoginView.swift in Sources */,
				01337FD82A8F8CFC008AD238 /* MainView.swift in Sources */,
				0133800B2A8FAF7E008AD238 /* RegisterViewViewModel.swift in Sources */,
				013380012A8FAF3C008AD238 /* MainViewViewModel.swift in Sources */,
				01337FF32A8FAE69008AD238 /* ToDoListView.swift in Sources */,
				01337FF92A8FAE95008AD238 /* RegisterView.swift in Sources */,
				013380032A8FAF47008AD238 /* ProfileViewViewModel.swift in Sources */,
				01337FF12A8FAE51008AD238 /* ProfileView.swift in Sources */,
				01337FFB2A8FAEBC008AD238 /* ToDoListItemView.swift in Sources */,
				01337FFF2A8FAF0B008AD238 /* ToDoItemModel.swift in Sources */,
				013380052A8FAF59008AD238 /* ToDoListViewViewModel.swift in Sources */,
				013380092A8FAF70008AD238 /* LoginViewViewModel.swift in Sources */,
				01337FD62A8F8CFC008AD238 /* ToDoSwiftUIApp.swift in Sources */,
				01337FFD2A8FAEFB008AD238 /* UserModel.swift in Sources */,
				01337FF52A8FAE7F008AD238 /* NewItemView.swift in Sources */,
				013380072A8FAF65008AD238 /* NewItemViewViewModel.swift in Sources */,
				0133800D2A8FAF8D008AD238 /* ToDoListItemViewViewModel.swift in Sources */,
			);
			runOnlyForDeploymentPostprocessing = 0;
		};
/* End PBXSourcesBuildPhase section */

/* Begin XCBuildConfiguration section */
		01337FDE2A8F8CFD008AD238 /* Debug */ = {
			isa = XCBuildConfiguration;
			buildSettings = {
				ALWAYS_SEARCH_USER_PATHS = NO;
				CLANG_ANALYZER_NONNULL = YES;
				CLANG_ANALYZER_NUMBER_OBJECT_CONVERSION = YES_AGGRESSIVE;
				CLANG_CXX_LANGUAGE_STANDARD = "gnu++20";
				CLANG_ENABLE_MODULES = YES;
				CLANG_ENABLE_OBJC_ARC = YES;
				CLANG_ENABLE_OBJC_WEAK = YES;
				CLANG_WARN_BLOCK_CAPTURE_AUTORELEASING = YES;
				CLANG_WARN_BOOL_CONVERSION = YES;
				CLANG_WARN_COMMA = YES;
				CLANG_WARN_CONSTANT_CONVERSION = YES;
				CLANG_WARN_DEPRECATED_OBJC_IMPLEMENTATIONS = YES;
				CLANG_WARN_DIRECT_OBJC_ISA_USAGE = YES_ERROR;
				CLANG_WARN_DOCUMENTATION_COMMENTS = YES;
				CLANG_WARN_EMPTY_BODY = YES;
				CLANG_WARN_ENUM_CONVERSION = YES;
				CLANG_WARN_INFINITE_RECURSION = YES;
				CLANG_WARN_INT_CONVERSION = YES;
				CLANG_WARN_NON_LITERAL_NULL_CONVERSION = YES;
				CLANG_WARN_OBJC_IMPLICIT_RETAIN_SELF = YES;
				CLANG_WARN_OBJC_LITERAL_CONVERSION = YES;
				CLANG_WARN_OBJC_ROOT_CLASS = YES_ERROR;
				CLANG_WARN_QUOTED_INCLUDE_IN_FRAMEWORK_HEADER = YES;
				CLANG_WARN_RANGE_LOOP_ANALYSIS = YES;
				CLANG_WARN_STRICT_PROTOTYPES = YES;
				CLANG_WARN_SUSPICIOUS_MOVE = YES;
				CLANG_WARN_UNGUARDED_AVAILABILITY = YES_AGGRESSIVE;
				CLANG_WARN_UNREACHABLE_CODE = YES;
				CLANG_WARN__DUPLICATE_METHOD_MATCH = YES;
				COPY_PHASE_STRIP = NO;
				DEBUG_INFORMATION_FORMAT = dwarf;
				ENABLE_STRICT_OBJC_MSGSEND = YES;
				ENABLE_TESTABILITY = YES;
				GCC_C_LANGUAGE_STANDARD = gnu11;
				GCC_DYNAMIC_NO_PIC = NO;
				GCC_NO_COMMON_BLOCKS = YES;
				GCC_OPTIMIZATION_LEVEL = 0;
				GCC_PREPROCESSOR_DEFINITIONS = (
					"DEBUG=1",
					"$(inherited)",
				);
				GCC_WARN_64_TO_32_BIT_CONVERSION = YES;
				GCC_WARN_ABOUT_RETURN_TYPE = YES_ERROR;
				GCC_WARN_UNDECLARED_SELECTOR = YES;
				GCC_WARN_UNINITIALIZED_AUTOS = YES_AGGRESSIVE;
				GCC_WARN_UNUSED_FUNCTION = YES;
				GCC_WARN_UNUSED_VARIABLE = YES;
				IPHONEOS_DEPLOYMENT_TARGET = 16.4;
				MTL_ENABLE_DEBUG_INFO = INCLUDE_SOURCE;
				MTL_FAST_MATH = YES;
				ONLY_ACTIVE_ARCH = YES;
				SDKROOT = iphoneos;
				SWIFT_ACTIVE_COMPILATION_CONDITIONS = DEBUG;
				SWIFT_OPTIMIZATION_LEVEL = "-Onone";
			};
			name = Debug;
		};
		01337FDF2A8F8CFD008AD238 /* Release */ = {
			isa = XCBuildConfiguration;
			buildSettings = {
				ALWAYS_SEARCH_USER_PATHS = NO;
				CLANG_ANALYZER_NONNULL = YES;
				CLANG_ANALYZER_NUMBER_OBJECT_CONVERSION = YES_AGGRESSIVE;
				CLANG_CXX_LANGUAGE_STANDARD = "gnu++20";
				CLANG_ENABLE_MODULES = YES;
				CLANG_ENABLE_OBJC_ARC = YES;
				CLANG_ENABLE_OBJC_WEAK = YES;
				CLANG_WARN_BLOCK_CAPTURE_AUTORELEASING = YES;
				CLANG_WARN_BOOL_CONVERSION = YES;
				CLANG_WARN_COMMA = YES;
				CLANG_WARN_CONSTANT_CONVERSION = YES;
				CLANG_WARN_DEPRECATED_OBJC_IMPLEMENTATIONS = YES;
				CLANG_WARN_DIRECT_OBJC_ISA_USAGE = YES_ERROR;
				CLANG_WARN_DOCUMENTATION_COMMENTS = YES;
				CLANG_WARN_EMPTY_BODY = YES;
				CLANG_WARN_ENUM_CONVERSION = YES;
				CLANG_WARN_INFINITE_RECURSION = YES;
				CLANG_WARN_INT_CONVERSION = YES;
				CLANG_WARN_NON_LITERAL_NULL_CONVERSION = YES;
				CLANG_WARN_OBJC_IMPLICIT_RETAIN_SELF = YES;
				CLANG_WARN_OBJC_LITERAL_CONVERSION = YES;
				CLANG_WARN_OBJC_ROOT_CLASS = YES_ERROR;
				CLANG_WARN_QUOTED_INCLUDE_IN_FRAMEWORK_HEADER = YES;
				CLANG_WARN_RANGE_LOOP_ANALYSIS = YES;
				CLANG_WARN_STRICT_PROTOTYPES = YES;
				CLANG_WARN_SUSPICIOUS_MOVE = YES;
				CLANG_WARN_UNGUARDED_AVAILABILITY = YES_AGGRESSIVE;
				CLANG_WARN_UNREACHABLE_CODE = YES;
				CLANG_WARN__DUPLICATE_METHOD_MATCH = YES;
				COPY_PHASE_STRIP = NO;
				DEBUG_INFORMATION_FORMAT = "dwarf-with-dsym";
				ENABLE_NS_ASSERTIONS = NO;
				ENABLE_STRICT_OBJC_MSGSEND = YES;
				GCC_C_LANGUAGE_STANDARD = gnu11;
				GCC_NO_COMMON_BLOCKS = YES;
				GCC_WARN_64_TO_32_BIT_CONVERSION = YES;
				GCC_WARN_ABOUT_RETURN_TYPE = YES_ERROR;
				GCC_WARN_UNDECLARED_SELECTOR = YES;
				GCC_WARN_UNINITIALIZED_AUTOS = YES_AGGRESSIVE;
				GCC_WARN_UNUSED_FUNCTION = YES;
				GCC_WARN_UNUSED_VARIABLE = YES;
				IPHONEOS_DEPLOYMENT_TARGET = 16.4;
				MTL_ENABLE_DEBUG_INFO = NO;
				MTL_FAST_MATH = YES;
				SDKROOT = iphoneos;
				SWIFT_COMPILATION_MODE = wholemodule;
				SWIFT_OPTIMIZATION_LEVEL = "-O";
				VALIDATE_PRODUCT = YES;
			};
			name = Release;
		};
		01337FE12A8F8CFD008AD238 /* Debug */ = {
			isa = XCBuildConfiguration;
			buildSettings = {
				ASSETCATALOG_COMPILER_APPICON_NAME = AppIcon;
				ASSETCATALOG_COMPILER_GLOBAL_ACCENT_COLOR_NAME = AccentColor;
				CODE_SIGN_STYLE = Automatic;
				CURRENT_PROJECT_VERSION = 1;
				DEVELOPMENT_ASSET_PATHS = "\"ToDoSwiftUI/Preview Content\"";
				DEVELOPMENT_TEAM = ZBFU73Y974;
				ENABLE_PREVIEWS = YES;
				GENERATE_INFOPLIST_FILE = YES;
				INFOPLIST_KEY_CFBundleDisplayName = "To Do List";
				INFOPLIST_KEY_UIApplicationSceneManifest_Generation = YES;
				INFOPLIST_KEY_UIApplicationSupportsIndirectInputEvents = YES;
				INFOPLIST_KEY_UILaunchScreen_Generation = YES;
				INFOPLIST_KEY_UISupportedInterfaceOrientations = UIInterfaceOrientationPortrait;
				LD_RUNPATH_SEARCH_PATHS = (
					"$(inherited)",
					"@executable_path/Frameworks",
				);
				MARKETING_VERSION = 1.0;
				PRODUCT_BUNDLE_IDENTIFIER = shivg.ToDoSwiftUI;
				PRODUCT_NAME = "$(TARGET_NAME)";
				SWIFT_EMIT_LOC_STRINGS = YES;
				SWIFT_VERSION = 5.0;
				TARGETED_DEVICE_FAMILY = "1,2";
			};
			name = Debug;
		};
		01337FE22A8F8CFD008AD238 /* Release */ = {
			isa = XCBuildConfiguration;
			buildSettings = {
				ASSETCATALOG_COMPILER_APPICON_NAME = AppIcon;
				ASSETCATALOG_COMPILER_GLOBAL_ACCENT_COLOR_NAME = AccentColor;
				CODE_SIGN_STYLE = Automatic;
				CURRENT_PROJECT_VERSION = 1;
				DEVELOPMENT_ASSET_PATHS = "\"ToDoSwiftUI/Preview Content\"";
				DEVELOPMENT_TEAM = ZBFU73Y974;
				ENABLE_PREVIEWS = YES;
				GENERATE_INFOPLIST_FILE = YES;
				INFOPLIST_KEY_CFBundleDisplayName = "To Do List";
				INFOPLIST_KEY_UIApplicationSceneManifest_Generation = YES;
				INFOPLIST_KEY_UIApplicationSupportsIndirectInputEvents = YES;
				INFOPLIST_KEY_UILaunchScreen_Generation = YES;
				INFOPLIST_KEY_UISupportedInterfaceOrientations = UIInterfaceOrientationPortrait;
				LD_RUNPATH_SEARCH_PATHS = (
					"$(inherited)",
					"@executable_path/Frameworks",
				);
				MARKETING_VERSION = 1.0;
				PRODUCT_BUNDLE_IDENTIFIER = shivg.ToDoSwiftUI;
				PRODUCT_NAME = "$(TARGET_NAME)";
				SWIFT_EMIT_LOC_STRINGS = YES;
				SWIFT_VERSION = 5.0;
				TARGETED_DEVICE_FAMILY = "1,2";
			};
			name = Release;
		};
/* End XCBuildConfiguration section */

/* Begin XCConfigurationList section */
		01337FCD2A8F8CFC008AD238 /* Build configuration list for PBXProject "ToDoSwiftUI" */ = {
			isa = XCConfigurationList;
			buildConfigurations = (
				01337FDE2A8F8CFD008AD238 /* Debug */,
				01337FDF2A8F8CFD008AD238 /* Release */,
			);
			defaultConfigurationIsVisible = 0;
			defaultConfigurationName = Release;
		};
		01337FE02A8F8CFD008AD238 /* Build configuration list for PBXNativeTarget "ToDoSwiftUI" */ = {
			isa = XCConfigurationList;
			buildConfigurations = (
				01337FE12A8F8CFD008AD238 /* Debug */,
				01337FE22A8F8CFD008AD238 /* Release */,
			);
			defaultConfigurationIsVisible = 0;
			defaultConfigurationName = Release;
		};
/* End XCConfigurationList section */

/* Begin XCRemoteSwiftPackageReference section */
		01337FE32A8FA3B9008AD238 /* XCRemoteSwiftPackageReference "firebase-ios-sdk" */ = {
			isa = XCRemoteSwiftPackageReference;
			repositoryURL = "https://github.com/firebase/firebase-ios-sdk";
			requirement = {
				kind = upToNextMajorVersion;
				minimumVersion = 10.0.0;
			};
		};
/* End XCRemoteSwiftPackageReference section */

/* Begin XCSwiftPackageProductDependency section */
		01337FE42A8FA3B9008AD238 /* FirebaseAuth */ = {
			isa = XCSwiftPackageProductDependency;
			package = 01337FE32A8FA3B9008AD238 /* XCRemoteSwiftPackageReference "firebase-ios-sdk" */;
			productName = FirebaseAuth;
		};
		01337FE62A8FA3B9008AD238 /* FirebaseFirestore */ = {
			isa = XCSwiftPackageProductDependency;
			package = 01337FE32A8FA3B9008AD238 /* XCRemoteSwiftPackageReference "firebase-ios-sdk" */;
			productName = FirebaseFirestore;
		};
		01337FE82A8FA3B9008AD238 /* FirebaseFirestoreSwift */ = {
			isa = XCSwiftPackageProductDependency;
			package = 01337FE32A8FA3B9008AD238 /* XCRemoteSwiftPackageReference "firebase-ios-sdk" */;
			productName = FirebaseFirestoreSwift;
		};
/* End XCSwiftPackageProductDependency section */
	};
	rootObject = 01337FCA2A8F8CFC008AD238 /* Project object */;
}
